
Microsoft Visual Studio Solution File, Format Version 12.00
# Visual Studio Version 17
VisualStudioVersion = 17.7.34003.232
MinimumVisualStudioVersion = 10.0.40219.1
Project("{FAE04EC0-301F-11D3-BF4B-00C04F79EFBC}") = "Farmacia-SaudeParaTodos", "Farmacia-SaudeParaTodos.csproj", "{AD34A2D5-C064-4730-ADDB-56DBA7527B82}"
EndProject
Global
	GlobalSection(SolutionConfigurationPlatforms) = preSolution
		Debug|Any CPU = Debug|Any CPU
		Release|Any CPU = Release|Any CPU
	EndGlobalSection
	GlobalSection(ProjectConfigurationPlatforms) = postSolution
		{AD34A2D5-C064-4730-ADDB-56DBA7527B82}.Debug|Any CPU.ActiveCfg = Debug|Any CPU
		{AD34A2D5-C064-4730-ADDB-56DBA7527B82}.Debug|Any CPU.Build.0 = Debug|Any CPU
		{AD34A2D5-C064-4730-ADDB-56DBA7527B82}.Release|Any CPU.ActiveCfg = Release|Any CPU
		{AD34A2D5-C064-4730-ADDB-56DBA7527B82}.Release|Any CPU.Build.0 = Release|Any CPU
	EndGlobalSection
	GlobalSection(SolutionProperties) = preSolution
		HideSolutionNode = FALSE
	EndGlobalSection
	GlobalSection(ExtensibilityGlobals) = postSolution
		SolutionGuid = {BAB1A931-030C-410B-80A5-A685D9C0E534}
	EndGlobalSection
EndGlobal
